
Microsoft Visual Studio Solution File, Format Version 12.00
# Visual Studio Version 17
VisualStudioVersion = 17.5.33627.172
MinimumVisualStudioVersion = 10.0.40219.1
Project("{9A19103F-16F7-4668-BE54-9A1E7A4F7556}") = "AdminAzureAdPasswordReset", "AdminAzureAdPasswordReset\AdminAzureAdPasswordReset.csproj", "{2070308B-32C4-4E11-A2B7-F12F76CAF26C}"
EndProject
Project("{2150E333-8FDC-42A3-9474-1A3956D46DE8}") = "Solution Items", "Solution Items", "{7E625D6E-2C40-4C44-9FD9-250DD76999CE}"
	ProjectSection(SolutionItems) = preProject
		.github\workflows\dotnet.yml = .github\workflows\dotnet.yml
		README.md = README.md
	EndProjectSection
EndProject
Global
	GlobalSection(SolutionConfigurationPlatforms) = preSolution
		Debug|Any CPU = Debug|Any CPU
		Release|Any CPU = Release|Any CPU
	EndGlobalSection
	GlobalSection(ProjectConfigurationPlatforms) = postSolution
		{2070308B-32C4-4E11-A2B7-F12F76CAF26C}.Debug|Any CPU.ActiveCfg = Debug|Any CPU
		{2070308B-32C4-4E11-A2B7-F12F76CAF26C}.Debug|Any CPU.Build.0 = Debug|Any CPU
		{2070308B-32C4-4E11-A2B7-F12F76CAF26C}.Release|Any CPU.ActiveCfg = Release|Any CPU
		{2070308B-32C4-4E11-A2B7-F12F76CAF26C}.Release|Any CPU.Build.0 = Release|Any CPU
	EndGlobalSection
	GlobalSection(SolutionProperties) = preSolution
		HideSolutionNode = FALSE
	EndGlobalSection
	GlobalSection(ExtensibilityGlobals) = postSolution
		SolutionGuid = {F4648EE2-F6FE-40F2-B64E-CBF978B77922}
	EndGlobalSection
EndGlobal
